
Microsoft Visual Studio Solution File, Format Version 12.00
# Visual Studio Version 16
VisualStudioVersion = 16.0.29215.179
MinimumVisualStudioVersion = 10.0.40219.1
Project("{FAE04EC0-301F-11D3-BF4B-00C04F79EFBC}") = "Heroes.Fun.AuraColorizer", "Heroes.Fun.AuraColorizer\Heroes.Fun.AuraColorizer.csproj", "{F09AC2A4-9588-42EC-B5F8-3F41CBB2724C}"
EndProject
Global
	GlobalSection(SolutionConfigurationPlatforms) = preSolution
		Debug|Any CPU = Debug|Any CPU
		Release|Any CPU = Release|Any CPU
	EndGlobalSection
	GlobalSection(ProjectConfigurationPlatforms) = postSolution
		{F09AC2A4-9588-42EC-B5F8-3F41CBB2724C}.Debug|Any CPU.ActiveCfg = Debug|Any CPU
		{F09AC2A4-9588-42EC-B5F8-3F41CBB2724C}.Debug|Any CPU.Build.0 = Debug|Any CPU
		{F09AC2A4-9588-42EC-B5F8-3F41CBB2724C}.Release|Any CPU.ActiveCfg = Release|Any CPU
		{F09AC2A4-9588-42EC-B5F8-3F41CBB2724C}.Release|Any CPU.Build.0 = Release|Any CPU
	EndGlobalSection
	GlobalSection(SolutionProperties) = preSolution
		HideSolutionNode = FALSE
	EndGlobalSection
	GlobalSection(ExtensibilityGlobals) = postSolution
		SolutionGuid = {B84DC262-3771-4648-9B7C-D0E976974FB7}
	EndGlobalSection
EndGlobal
